
Microsoft Visual Studio Solution File, Format Version 12.00
# Visual Studio Version 17
VisualStudioVersion = 17.9.34622.214
MinimumVisualStudioVersion = 10.0.40219.1
Project("{FAE04EC0-301F-11D3-BF4B-00C04F79EFBC}") = "ContactApp", "ContactApp\ContactApp.csproj", "{15C5AE00-73DD-4C77-BC13-1BDCCA96ACE2}"
EndProject
Global
	GlobalSection(SolutionConfigurationPlatforms) = preSolution
		Debug|Any CPU = Debug|Any CPU
		Release|Any CPU = Release|Any CPU
	EndGlobalSection
	GlobalSection(ProjectConfigurationPlatforms) = postSolution
		{15C5AE00-73DD-4C77-BC13-1BDCCA96ACE2}.Debug|Any CPU.ActiveCfg = Debug|Any CPU
		{15C5AE00-73DD-4C77-BC13-1BDCCA96ACE2}.Debug|Any CPU.Build.0 = Debug|Any CPU
		{15C5AE00-73DD-4C77-BC13-1BDCCA96ACE2}.Release|Any CPU.ActiveCfg = Release|Any CPU
		{15C5AE00-73DD-4C77-BC13-1BDCCA96ACE2}.Release|Any CPU.Build.0 = Release|Any CPU
	EndGlobalSection
	GlobalSection(SolutionProperties) = preSolution
		HideSolutionNode = FALSE
	EndGlobalSection
	GlobalSection(ExtensibilityGlobals) = postSolution
		SolutionGuid = {FDE85CA8-1BC9-43CF-B126-C7DD4EE8FD95}
	EndGlobalSection
EndGlobal
